<Solution>
  <Folder Name="/SolutionFolder/" />
  <Project Path="TouchChanX.Ava\TouchChanX.Ava.csproj" Type="Classic C#" />
  <Project Path="TouchChanX.BaseTypes\TouchChanX.BaseTypes.fsproj" Type="Classic F#" />
  <Project Path="TouchChanX.Rider/TouchChanX.Rider.csproj" />
  <Project Path="TouchChanX/TouchChanX.csproj" />
</Solution>