<Solution>
  <Folder Name="/SolutionFolder/" />
  <Project Path="TouchChanX.Ava\TouchChanX.Ava.csproj" />
  <Project Path="TouchChanX.Rider/TouchChanX.Rider.csproj" />
  <Project Path="TouchChanX.SplashScreenGdiPlus/TouchChanX.SplashScreenGdiPlus.csproj" />
  <Project Path="TouchChanX/TouchChanX.csproj" />
</Solution>